
Microsoft Visual Studio Solution File, Format Version 12.00
# Visual Studio Version 16
VisualStudioVersion = 16.0.28803.156
MinimumVisualStudioVersion = 10.0.40219.1
Project("{FAE04EC0-301F-11D3-BF4B-00C04F79EFBC}") = "SondaCappta", "SondaCappta\SondaCappta.csproj", "{263B4B49-9D0B-4F53-9B02-D327C04C4623}"
EndProject
Project("{FAE04EC0-301F-11D3-BF4B-00C04F79EFBC}") = "SondaCappta.Models", "SondaCappta.Models\SondaCappta.Models.csproj", "{81B5F238-F662-40F7-A679-EFEDA65CD613}"
EndProject
Project("{FAE04EC0-301F-11D3-BF4B-00C04F79EFBC}") = "SondaCappta.UnitTests", "SondaCappta.UnitTests\SondaCappta.UnitTests.csproj", "{B5579416-7013-492D-913E-F1F4E4D46006}"
EndProject
Project("{FAE04EC0-301F-11D3-BF4B-00C04F79EFBC}") = "SondaCappta.Services", "SondaCappta.Services\SondaCappta.Services.csproj", "{7618CBB1-BE40-41F7-A12F-271148318CF9}"
EndProject
Global
	GlobalSection(SolutionConfigurationPlatforms) = preSolution
		Debug|Any CPU = Debug|Any CPU
		Release|Any CPU = Release|Any CPU
	EndGlobalSection
	GlobalSection(ProjectConfigurationPlatforms) = postSolution
		{263B4B49-9D0B-4F53-9B02-D327C04C4623}.Debug|Any CPU.ActiveCfg = Debug|Any CPU
		{263B4B49-9D0B-4F53-9B02-D327C04C4623}.Debug|Any CPU.Build.0 = Debug|Any CPU
		{263B4B49-9D0B-4F53-9B02-D327C04C4623}.Release|Any CPU.ActiveCfg = Release|Any CPU
		{263B4B49-9D0B-4F53-9B02-D327C04C4623}.Release|Any CPU.Build.0 = Release|Any CPU
		{81B5F238-F662-40F7-A679-EFEDA65CD613}.Debug|Any CPU.ActiveCfg = Debug|Any CPU
		{81B5F238-F662-40F7-A679-EFEDA65CD613}.Debug|Any CPU.Build.0 = Debug|Any CPU
		{81B5F238-F662-40F7-A679-EFEDA65CD613}.Release|Any CPU.ActiveCfg = Release|Any CPU
		{81B5F238-F662-40F7-A679-EFEDA65CD613}.Release|Any CPU.Build.0 = Release|Any CPU
		{B5579416-7013-492D-913E-F1F4E4D46006}.Debug|Any CPU.ActiveCfg = Debug|Any CPU
		{B5579416-7013-492D-913E-F1F4E4D46006}.Debug|Any CPU.Build.0 = Debug|Any CPU
		{B5579416-7013-492D-913E-F1F4E4D46006}.Release|Any CPU.ActiveCfg = Release|Any CPU
		{B5579416-7013-492D-913E-F1F4E4D46006}.Release|Any CPU.Build.0 = Release|Any CPU
		{7618CBB1-BE40-41F7-A12F-271148318CF9}.Debug|Any CPU.ActiveCfg = Debug|Any CPU
		{7618CBB1-BE40-41F7-A12F-271148318CF9}.Debug|Any CPU.Build.0 = Debug|Any CPU
		{7618CBB1-BE40-41F7-A12F-271148318CF9}.Release|Any CPU.ActiveCfg = Release|Any CPU
		{7618CBB1-BE40-41F7-A12F-271148318CF9}.Release|Any CPU.Build.0 = Release|Any CPU
	EndGlobalSection
	GlobalSection(SolutionProperties) = preSolution
		HideSolutionNode = FALSE
	EndGlobalSection
	GlobalSection(ExtensibilityGlobals) = postSolution
		SolutionGuid = {ECB24AD7-96BB-4415-94D5-96C024E61646}
	EndGlobalSection
EndGlobal
